
Microsoft Visual Studio Solution File, Format Version 12.00
# Visual Studio Version 16
VisualStudioVersion = 16.6.30114.105
MinimumVisualStudioVersion = 10.0.40219.1
Project("{FAE04EC0-301F-11D3-BF4B-00C04F79EFBC}") = "blog.data", "blog.data\blog.data.csproj", "{D7FF83EE-9CF2-4E3E-B48E-3B7859676BBB}"
EndProject
Project("{FAE04EC0-301F-11D3-BF4B-00C04F79EFBC}") = "blog.business", "blog.business\blog.business.csproj", "{F4D197D6-D945-433D-8875-355C94A52FE4}"
EndProject
Global
	GlobalSection(SolutionConfigurationPlatforms) = preSolution
		Debug|Any CPU = Debug|Any CPU
		Debug|x64 = Debug|x64
		Debug|x86 = Debug|x86
		Release|Any CPU = Release|Any CPU
		Release|x64 = Release|x64
		Release|x86 = Release|x86
	EndGlobalSection
	GlobalSection(SolutionProperties) = preSolution
		HideSolutionNode = FALSE
	EndGlobalSection
	GlobalSection(ProjectConfigurationPlatforms) = postSolution
		{D7FF83EE-9CF2-4E3E-B48E-3B7859676BBB}.Debug|Any CPU.ActiveCfg = Debug|Any CPU
		{D7FF83EE-9CF2-4E3E-B48E-3B7859676BBB}.Debug|Any CPU.Build.0 = Debug|Any CPU
		{D7FF83EE-9CF2-4E3E-B48E-3B7859676BBB}.Debug|x64.ActiveCfg = Debug|Any CPU
		{D7FF83EE-9CF2-4E3E-B48E-3B7859676BBB}.Debug|x64.Build.0 = Debug|Any CPU
		{D7FF83EE-9CF2-4E3E-B48E-3B7859676BBB}.Debug|x86.ActiveCfg = Debug|Any CPU
		{D7FF83EE-9CF2-4E3E-B48E-3B7859676BBB}.Debug|x86.Build.0 = Debug|Any CPU
		{D7FF83EE-9CF2-4E3E-B48E-3B7859676BBB}.Release|Any CPU.ActiveCfg = Release|Any CPU
		{D7FF83EE-9CF2-4E3E-B48E-3B7859676BBB}.Release|Any CPU.Build.0 = Release|Any CPU
		{D7FF83EE-9CF2-4E3E-B48E-3B7859676BBB}.Release|x64.ActiveCfg = Release|Any CPU
		{D7FF83EE-9CF2-4E3E-B48E-3B7859676BBB}.Release|x64.Build.0 = Release|Any CPU
		{D7FF83EE-9CF2-4E3E-B48E-3B7859676BBB}.Release|x86.ActiveCfg = Release|Any CPU
		{D7FF83EE-9CF2-4E3E-B48E-3B7859676BBB}.Release|x86.Build.0 = Release|Any CPU
		{F4D197D6-D945-433D-8875-355C94A52FE4}.Debug|Any CPU.ActiveCfg = Debug|Any CPU
		{F4D197D6-D945-433D-8875-355C94A52FE4}.Debug|Any CPU.Build.0 = Debug|Any CPU
		{F4D197D6-D945-433D-8875-355C94A52FE4}.Debug|x64.ActiveCfg = Debug|Any CPU
		{F4D197D6-D945-433D-8875-355C94A52FE4}.Debug|x64.Build.0 = Debug|Any CPU
		{F4D197D6-D945-433D-8875-355C94A52FE4}.Debug|x86.ActiveCfg = Debug|Any CPU
		{F4D197D6-D945-433D-8875-355C94A52FE4}.Debug|x86.Build.0 = Debug|Any CPU
		{F4D197D6-D945-433D-8875-355C94A52FE4}.Release|Any CPU.ActiveCfg = Release|Any CPU
		{F4D197D6-D945-433D-8875-355C94A52FE4}.Release|Any CPU.Build.0 = Release|Any CPU
		{F4D197D6-D945-433D-8875-355C94A52FE4}.Release|x64.ActiveCfg = Release|Any CPU
		{F4D197D6-D945-433D-8875-355C94A52FE4}.Release|x64.Build.0 = Release|Any CPU
		{F4D197D6-D945-433D-8875-355C94A52FE4}.Release|x86.ActiveCfg = Release|Any CPU
		{F4D197D6-D945-433D-8875-355C94A52FE4}.Release|x86.Build.0 = Release|Any CPU
	EndGlobalSection
EndGlobal
